
Microsoft Visual Studio Solution File, Format Version 12.00
# Visual Studio Version 17
VisualStudioVersion = 17.4.33403.182
MinimumVisualStudioVersion = 10.0.40219.1
Project("{9A19103F-16F7-4668-BE54-9A1E7A4F7556}") = "Nyx", "Nyx.csproj", "{08DE03DF-D07E-4F17-BB59-FBB2FB99EFC0}"
EndProject
Project("{FAE04EC0-301F-11D3-BF4B-00C04F79EFBC}") = "Nyx.Tests", "..\Nyx.Tests\Nyx.Tests.csproj", "{2CFCD201-D3DF-4470-AF55-6D8619453FC4}"
EndProject
Global
	GlobalSection(SolutionConfigurationPlatforms) = preSolution
		Debug|Any CPU = Debug|Any CPU
		Release|Any CPU = Release|Any CPU
	EndGlobalSection
	GlobalSection(ProjectConfigurationPlatforms) = postSolution
		{08DE03DF-D07E-4F17-BB59-FBB2FB99EFC0}.Debug|Any CPU.ActiveCfg = Debug|Any CPU
		{08DE03DF-D07E-4F17-BB59-FBB2FB99EFC0}.Debug|Any CPU.Build.0 = Debug|Any CPU
		{08DE03DF-D07E-4F17-BB59-FBB2FB99EFC0}.Release|Any CPU.ActiveCfg = Release|Any CPU
		{08DE03DF-D07E-4F17-BB59-FBB2FB99EFC0}.Release|Any CPU.Build.0 = Release|Any CPU
		{2CFCD201-D3DF-4470-AF55-6D8619453FC4}.Debug|Any CPU.ActiveCfg = Debug|Any CPU
		{2CFCD201-D3DF-4470-AF55-6D8619453FC4}.Debug|Any CPU.Build.0 = Debug|Any CPU
		{2CFCD201-D3DF-4470-AF55-6D8619453FC4}.Release|Any CPU.ActiveCfg = Release|Any CPU
		{2CFCD201-D3DF-4470-AF55-6D8619453FC4}.Release|Any CPU.Build.0 = Release|Any CPU
	EndGlobalSection
	GlobalSection(SolutionProperties) = preSolution
		HideSolutionNode = FALSE
	EndGlobalSection
	GlobalSection(ExtensibilityGlobals) = postSolution
		SolutionGuid = {E4BF5E88-70BD-4FA6-9241-C9FC716303AB}
	EndGlobalSection
EndGlobal
